
Microsoft Visual Studio Solution File, Format Version 12.00
# Visual Studio Version 17
VisualStudioVersion = 17.3.32825.248
MinimumVisualStudioVersion = 10.0.40219.1
Project("{FAE04EC0-301F-11D3-BF4B-00C04F79EFBC}") = "z1", "z1\z1.csproj", "{FC924EDB-5808-4507-910B-FDCFF763C5ED}"
EndProject
Project("{FAE04EC0-301F-11D3-BF4B-00C04F79EFBC}") = "z3", "z3\z3.csproj", "{0175400D-23C9-496E-9F9D-A726EF882311}"
EndProject
Global
	GlobalSection(SolutionConfigurationPlatforms) = preSolution
		Debug|Any CPU = Debug|Any CPU
		Release|Any CPU = Release|Any CPU
	EndGlobalSection
	GlobalSection(ProjectConfigurationPlatforms) = postSolution
		{FC924EDB-5808-4507-910B-FDCFF763C5ED}.Debug|Any CPU.ActiveCfg = Debug|Any CPU
		{FC924EDB-5808-4507-910B-FDCFF763C5ED}.Debug|Any CPU.Build.0 = Debug|Any CPU
		{FC924EDB-5808-4507-910B-FDCFF763C5ED}.Release|Any CPU.ActiveCfg = Release|Any CPU
		{FC924EDB-5808-4507-910B-FDCFF763C5ED}.Release|Any CPU.Build.0 = Release|Any CPU
		{0175400D-23C9-496E-9F9D-A726EF882311}.Debug|Any CPU.ActiveCfg = Debug|Any CPU
		{0175400D-23C9-496E-9F9D-A726EF882311}.Debug|Any CPU.Build.0 = Debug|Any CPU
		{0175400D-23C9-496E-9F9D-A726EF882311}.Release|Any CPU.ActiveCfg = Release|Any CPU
		{0175400D-23C9-496E-9F9D-A726EF882311}.Release|Any CPU.Build.0 = Release|Any CPU
	EndGlobalSection
	GlobalSection(SolutionProperties) = preSolution
		HideSolutionNode = FALSE
	EndGlobalSection
	GlobalSection(ExtensibilityGlobals) = postSolution
		SolutionGuid = {755F3641-0A64-4CDA-B476-3129B5FB74E1}
	EndGlobalSection
EndGlobal
